// !$*UTF8*$!
{
	archiveVersion = 1;
	classes = {
	};
	objectVersion = 51;
	objects = {

/* Begin PBXBuildFile section */
		3B5282F28DEE57D9BA58AF2C /* Pods_CapSeen_CapSeenUITests.framework in Frameworks */ = {isa = PBXBuildFile; fileRef = B8F6365A1E7FD1E0BA8F603F /* Pods_CapSeen_CapSeenUITests.framework */; };
		3DDAD6D85523BD95CF49F211 /* Pods_CapSeen.framework in Frameworks */ = {isa = PBXBuildFile; fileRef = 3CA0633753A61C666B509B16 /* Pods_CapSeen.framework */; };
		CA896FEB60223F9485F2EF19 /* Pods_CapSeenTests.framework in Frameworks */ = {isa = PBXBuildFile; fileRef = 29BC5169C990955216A1EB56 /* Pods_CapSeenTests.framework */; };
		F006BFD523B0792C00BA5ECB /* Lit.swift in Sources */ = {isa = PBXBuildFile; fileRef = F006BFD423B0792C00BA5ECB /* Lit.swift */; };
		F0137FF723A9F28F00CA5301 /* AppDelegate.swift in Sources */ = {isa = PBXBuildFile; fileRef = F0137FF623A9F28F00CA5301 /* AppDelegate.swift */; };
		F0137FF923A9F28F00CA5301 /* SceneDelegate.swift in Sources */ = {isa = PBXBuildFile; fileRef = F0137FF823A9F28F00CA5301 /* SceneDelegate.swift */; };
		F0137FFB23A9F28F00CA5301 /* ViewController.swift in Sources */ = {isa = PBXBuildFile; fileRef = F0137FFA23A9F28F00CA5301 /* ViewController.swift */; };
		F0137FFE23A9F28F00CA5301 /* Main.storyboard in Resources */ = {isa = PBXBuildFile; fileRef = F0137FFC23A9F28F00CA5301 /* Main.storyboard */; };
		F013800123A9F28F00CA5301 /* Cap_Tap.xcdatamodeld in Sources */ = {isa = PBXBuildFile; fileRef = F0137FFF23A9F28F00CA5301 /* Cap_Tap.xcdatamodeld */; };
		F013800323A9F29200CA5301 /* Assets.xcassets in Resources */ = {isa = PBXBuildFile; fileRef = F013800223A9F29200CA5301 /* Assets.xcassets */; };
		F013800623A9F29200CA5301 /* LaunchScreen.storyboard in Resources */ = {isa = PBXBuildFile; fileRef = F013800423A9F29200CA5301 /* LaunchScreen.storyboard */; };
		F013801123A9F29200CA5301 /* Cap_TapTests.swift in Sources */ = {isa = PBXBuildFile; fileRef = F013801023A9F29200CA5301 /* Cap_TapTests.swift */; };
		F013801C23A9F29200CA5301 /* Cap_TapUITests.swift in Sources */ = {isa = PBXBuildFile; fileRef = F013801B23A9F29200CA5301 /* Cap_TapUITests.swift */; };
		F071EA1623ACA8BB009E4279 /* Short.swift in Sources */ = {isa = PBXBuildFile; fileRef = F071EA1523ACA8BB009E4279 /* Short.swift */; };
		F071EA1823AD4DA6009E4279 /* attitude.swift in Sources */ = {isa = PBXBuildFile; fileRef = F071EA1723AD4DA6009E4279 /* attitude.swift */; };
		F071EA1A23AD4DEE009E4279 /* Sassy.swift in Sources */ = {isa = PBXBuildFile; fileRef = F071EA1923AD4DEE009E4279 /* Sassy.swift */; };
		F071EA1C23AD4E08009E4279 /* Girl.swift in Sources */ = {isa = PBXBuildFile; fileRef = F071EA1B23AD4E08009E4279 /* Girl.swift */; };
		F071EA1E23AD4E1E009E4279 /* Savage.swift in Sources */ = {isa = PBXBuildFile; fileRef = F071EA1D23AD4E1E009E4279 /* Savage.swift */; };
		F071EA2023AD4E27009E4279 /* Boy.swift in Sources */ = {isa = PBXBuildFile; fileRef = F071EA1F23AD4E27009E4279 /* Boy.swift */; };
		F071EA2223AD4E37009E4279 /* Lyrics.swift in Sources */ = {isa = PBXBuildFile; fileRef = F071EA2123AD4E37009E4279 /* Lyrics.swift */; };
		F071EA2423AD4E45009E4279 /* Romanctic.swift in Sources */ = {isa = PBXBuildFile; fileRef = F071EA2323AD4E45009E4279 /* Romanctic.swift */; };
		F071EA2623AD4E54009E4279 /* BIo.swift in Sources */ = {isa = PBXBuildFile; fileRef = F071EA2523AD4E54009E4279 /* BIo.swift */; };
/* End PBXBuildFile section */

/* Begin PBXContainerItemProxy section */
		F013800D23A9F29200CA5301 /* PBXContainerItemProxy */ = {
			isa = PBXContainerItemProxy;
			containerPortal = F0137FEB23A9F28F00CA5301 /* Project object */;
			proxyType = 1;
			remoteGlobalIDString = F0137FF223A9F28F00CA5301;
			remoteInfo = "Cap-Tap";
		};
		F013801823A9F29200CA5301 /* PBXContainerItemProxy */ = {
			isa = PBXContainerItemProxy;
			containerPortal = F0137FEB23A9F28F00CA5301 /* Project object */;
			proxyType = 1;
			remoteGlobalIDString = F0137FF223A9F28F00CA5301;
			remoteInfo = "Cap-Tap";
		};
/* End PBXContainerItemProxy section */

/* Begin PBXFileReference section */
		29BC5169C990955216A1EB56 /* Pods_CapSeenTests.framework */ = {isa = PBXFileReference; explicitFileType = wrapper.framework; includeInIndex = 0; path = Pods_CapSeenTests.framework; sourceTree = BUILT_PRODUCTS_DIR; };
		3CA0633753A61C666B509B16 /* Pods_CapSeen.framework */ = {isa = PBXFileReference; explicitFileType = wrapper.framework; includeInIndex = 0; path = Pods_CapSeen.framework; sourceTree = BUILT_PRODUCTS_DIR; };
		458639D1AA241C3BC3286684 /* Pods-CapSeen.debug.xcconfig */ = {isa = PBXFileReference; includeInIndex = 1; lastKnownFileType = text.xcconfig; name = "Pods-CapSeen.debug.xcconfig"; path = "Target Support Files/Pods-CapSeen/Pods-CapSeen.debug.xcconfig"; sourceTree = "<group>"; };
		72C6CF9F13165D591252EA63 /* Pods-CapSeenTests.debug.xcconfig */ = {isa = PBXFileReference; includeInIndex = 1; lastKnownFileType = text.xcconfig; name = "Pods-CapSeenTests.debug.xcconfig"; path = "Target Support Files/Pods-CapSeenTests/Pods-CapSeenTests.debug.xcconfig"; sourceTree = "<group>"; };
		7D50C3F6992F559B8D2C190E /* Pods-CapSeenTests.release.xcconfig */ = {isa = PBXFileReference; includeInIndex = 1; lastKnownFileType = text.xcconfig; name = "Pods-CapSeenTests.release.xcconfig"; path = "Target Support Files/Pods-CapSeenTests/Pods-CapSeenTests.release.xcconfig"; sourceTree = "<group>"; };
		A6B36FC09DBB283F8994C225 /* Pods-CapSeen-CapSeenUITests.release.xcconfig */ = {isa = PBXFileReference; includeInIndex = 1; lastKnownFileType = text.xcconfig; name = "Pods-CapSeen-CapSeenUITests.release.xcconfig"; path = "Target Support Files/Pods-CapSeen-CapSeenUITests/Pods-CapSeen-CapSeenUITests.release.xcconfig"; sourceTree = "<group>"; };
		B8F6365A1E7FD1E0BA8F603F /* Pods_CapSeen_CapSeenUITests.framework */ = {isa = PBXFileReference; explicitFileType = wrapper.framework; includeInIndex = 0; path = Pods_CapSeen_CapSeenUITests.framework; sourceTree = BUILT_PRODUCTS_DIR; };
		BA8FFEF46B4A44BB272F6A2C /* Pods-CapSeen.release.xcconfig */ = {isa = PBXFileReference; includeInIndex = 1; lastKnownFileType = text.xcconfig; name = "Pods-CapSeen.release.xcconfig"; path = "Target Support Files/Pods-CapSeen/Pods-CapSeen.release.xcconfig"; sourceTree = "<group>"; };
		BE0641E3EE81855C145372AA /* Pods-CapSeen-CapSeenUITests.debug.xcconfig */ = {isa = PBXFileReference; includeInIndex = 1; lastKnownFileType = text.xcconfig; name = "Pods-CapSeen-CapSeenUITests.debug.xcconfig"; path = "Target Support Files/Pods-CapSeen-CapSeenUITests/Pods-CapSeen-CapSeenUITests.debug.xcconfig"; sourceTree = "<group>"; };
		F006BFD423B0792C00BA5ECB /* Lit.swift */ = {isa = PBXFileReference; lastKnownFileType = sourcecode.swift; path = Lit.swift; sourceTree = "<group>"; };
		F0137FF323A9F28F00CA5301 /* CapSeen.app */ = {isa = PBXFileReference; explicitFileType = wrapper.application; includeInIndex = 0; path = CapSeen.app; sourceTree = BUILT_PRODUCTS_DIR; };
		F0137FF623A9F28F00CA5301 /* AppDelegate.swift */ = {isa = PBXFileReference; lastKnownFileType = sourcecode.swift; path = AppDelegate.swift; sourceTree = "<group>"; };
		F0137FF823A9F28F00CA5301 /* SceneDelegate.swift */ = {isa = PBXFileReference; lastKnownFileType = sourcecode.swift; path = SceneDelegate.swift; sourceTree = "<group>"; };
		F0137FFA23A9F28F00CA5301 /* ViewController.swift */ = {isa = PBXFileReference; lastKnownFileType = sourcecode.swift; path = ViewController.swift; sourceTree = "<group>"; };
		F0137FFD23A9F28F00CA5301 /* Base */ = {isa = PBXFileReference; lastKnownFileType = file.storyboard; name = Base; path = Base.lproj/Main.storyboard; sourceTree = "<group>"; };
		F013800023A9F28F00CA5301 /* Cap_Tap.xcdatamodel */ = {isa = PBXFileReference; lastKnownFileType = wrapper.xcdatamodel; path = Cap_Tap.xcdatamodel; sourceTree = "<group>"; };
		F013800223A9F29200CA5301 /* Assets.xcassets */ = {isa = PBXFileReference; lastKnownFileType = folder.assetcatalog; path = Assets.xcassets; sourceTree = "<group>"; };
		F013800523A9F29200CA5301 /* Base */ = {isa = PBXFileReference; lastKnownFileType = file.storyboard; name = Base; path = Base.lproj/LaunchScreen.storyboard; sourceTree = "<group>"; };
		F013800723A9F29200CA5301 /* Info.plist */ = {isa = PBXFileReference; lastKnownFileType = text.plist.xml; path = Info.plist; sourceTree = "<group>"; };
		F013800C23A9F29200CA5301 /* CapSeenTests.xctest */ = {isa = PBXFileReference; explicitFileType = wrapper.cfbundle; includeInIndex = 0; path = CapSeenTests.xctest; sourceTree = BUILT_PRODUCTS_DIR; };
		F013801023A9F29200CA5301 /* Cap_TapTests.swift */ = {isa = PBXFileReference; lastKnownFileType = sourcecode.swift; path = Cap_TapTests.swift; sourceTree = "<group>"; };
		F013801223A9F29200CA5301 /* Info.plist */ = {isa = PBXFileReference; lastKnownFileType = text.plist.xml; path = Info.plist; sourceTree = "<group>"; };
		F013801723A9F29200CA5301 /* CapSeenUITests.xctest */ = {isa = PBXFileReference; explicitFileType = wrapper.cfbundle; includeInIndex = 0; path = CapSeenUITests.xctest; sourceTree = BUILT_PRODUCTS_DIR; };
		F013801B23A9F29200CA5301 /* Cap_TapUITests.swift */ = {isa = PBXFileReference; lastKnownFileType = sourcecode.swift; path = Cap_TapUITests.swift; sourceTree = "<group>"; };
		F013801D23A9F29200CA5301 /* Info.plist */ = {isa = PBXFileReference; lastKnownFileType = text.plist.xml; path = Info.plist; sourceTree = "<group>"; };
		F071EA1523ACA8BB009E4279 /* Short.swift */ = {isa = PBXFileReference; lastKnownFileType = sourcecode.swift; path = Short.swift; sourceTree = "<group>"; };
		F071EA1723AD4DA6009E4279 /* attitude.swift */ = {isa = PBXFileReference; lastKnownFileType = sourcecode.swift; path = attitude.swift; sourceTree = "<group>"; };
		F071EA1923AD4DEE009E4279 /* Sassy.swift */ = {isa = PBXFileReference; lastKnownFileType = sourcecode.swift; path = Sassy.swift; sourceTree = "<group>"; };
		F071EA1B23AD4E08009E4279 /* Girl.swift */ = {isa = PBXFileReference; lastKnownFileType = sourcecode.swift; path = Girl.swift; sourceTree = "<group>"; };
		F071EA1D23AD4E1E009E4279 /* Savage.swift */ = {isa = PBXFileReference; lastKnownFileType = sourcecode.swift; path = Savage.swift; sourceTree = "<group>"; };
		F071EA1F23AD4E27009E4279 /* Boy.swift */ = {isa = PBXFileReference; lastKnownFileType = sourcecode.swift; path = Boy.swift; sourceTree = "<group>"; };
		F071EA2123AD4E37009E4279 /* Lyrics.swift */ = {isa = PBXFileReference; lastKnownFileType = sourcecode.swift; path = Lyrics.swift; sourceTree = "<group>"; };
		F071EA2323AD4E45009E4279 /* Romanctic.swift */ = {isa = PBXFileReference; lastKnownFileType = sourcecode.swift; path = Romanctic.swift; sourceTree = "<group>"; };
		F071EA2523AD4E54009E4279 /* BIo.swift */ = {isa = PBXFileReference; lastKnownFileType = sourcecode.swift; path = BIo.swift; sourceTree = "<group>"; };
/* End PBXFileReference section */

/* Begin PBXFrameworksBuildPhase section */
		F0137FF023A9F28F00CA5301 /* Frameworks */ = {
			isa = PBXFrameworksBuildPhase;
			buildActionMask = 2147483647;
			files = (
				3DDAD6D85523BD95CF49F211 /* Pods_CapSeen.framework in Frameworks */,
			);
			runOnlyForDeploymentPostprocessing = 0;
		};
		F013800923A9F29200CA5301 /* Frameworks */ = {
			isa = PBXFrameworksBuildPhase;
			buildActionMask = 2147483647;
			files = (
				CA896FEB60223F9485F2EF19 /* Pods_CapSeenTests.framework in Frameworks */,
			);
			runOnlyForDeploymentPostprocessing = 0;
		};
		F013801423A9F29200CA5301 /* Frameworks */ = {
			isa = PBXFrameworksBuildPhase;
			buildActionMask = 2147483647;
			files = (
				3B5282F28DEE57D9BA58AF2C /* Pods_CapSeen_CapSeenUITests.framework in Frameworks */,
			);
			runOnlyForDeploymentPostprocessing = 0;
		};
/* End PBXFrameworksBuildPhase section */

/* Begin PBXGroup section */
		15A9607EA15D0791CEF0F6C0 /* Pods */ = {
			isa = PBXGroup;
			children = (
				458639D1AA241C3BC3286684 /* Pods-CapSeen.debug.xcconfig */,
				BA8FFEF46B4A44BB272F6A2C /* Pods-CapSeen.release.xcconfig */,
				BE0641E3EE81855C145372AA /* Pods-CapSeen-CapSeenUITests.debug.xcconfig */,
				A6B36FC09DBB283F8994C225 /* Pods-CapSeen-CapSeenUITests.release.xcconfig */,
				72C6CF9F13165D591252EA63 /* Pods-CapSeenTests.debug.xcconfig */,
				7D50C3F6992F559B8D2C190E /* Pods-CapSeenTests.release.xcconfig */,
			);
			path = Pods;
			sourceTree = "<group>";
		};
		95E761E48136413F25D23C24 /* Frameworks */ = {
			isa = PBXGroup;
			children = (
				3CA0633753A61C666B509B16 /* Pods_CapSeen.framework */,
				B8F6365A1E7FD1E0BA8F603F /* Pods_CapSeen_CapSeenUITests.framework */,
				29BC5169C990955216A1EB56 /* Pods_CapSeenTests.framework */,
			);
			name = Frameworks;
			sourceTree = "<group>";
		};
		F0137FEA23A9F28F00CA5301 = {
			isa = PBXGroup;
			children = (
				F0137FF523A9F28F00CA5301 /* Cap-Tap */,
				F013800F23A9F29200CA5301 /* Cap-TapTests */,
				F013801A23A9F29200CA5301 /* Cap-TapUITests */,
				F0137FF423A9F28F00CA5301 /* Products */,
				15A9607EA15D0791CEF0F6C0 /* Pods */,
				95E761E48136413F25D23C24 /* Frameworks */,
			);
			sourceTree = "<group>";
		};
		F0137FF423A9F28F00CA5301 /* Products */ = {
			isa = PBXGroup;
			children = (
				F0137FF323A9F28F00CA5301 /* CapSeen.app */,
				F013800C23A9F29200CA5301 /* CapSeenTests.xctest */,
				F013801723A9F29200CA5301 /* CapSeenUITests.xctest */,
			);
			name = Products;
			sourceTree = "<group>";
		};
		F0137FF523A9F28F00CA5301 /* Cap-Tap */ = {
			isa = PBXGroup;
			children = (
				F013802923AA051900CA5301 /* New Group */,
				F0137FF623A9F28F00CA5301 /* AppDelegate.swift */,
				F0137FF823A9F28F00CA5301 /* SceneDelegate.swift */,
				F0137FFA23A9F28F00CA5301 /* ViewController.swift */,
				F0137FFC23A9F28F00CA5301 /* Main.storyboard */,
				F013800223A9F29200CA5301 /* Assets.xcassets */,
				F013800423A9F29200CA5301 /* LaunchScreen.storyboard */,
				F013800723A9F29200CA5301 /* Info.plist */,
				F0137FFF23A9F28F00CA5301 /* Cap_Tap.xcdatamodeld */,
			);
			path = "Cap-Tap";
			sourceTree = "<group>";
		};
		F013800F23A9F29200CA5301 /* Cap-TapTests */ = {
			isa = PBXGroup;
			children = (
				F013801023A9F29200CA5301 /* Cap_TapTests.swift */,
				F013801223A9F29200CA5301 /* Info.plist */,
			);
			path = "Cap-TapTests";
			sourceTree = "<group>";
		};
		F013801A23A9F29200CA5301 /* Cap-TapUITests */ = {
			isa = PBXGroup;
			children = (
				F013801B23A9F29200CA5301 /* Cap_TapUITests.swift */,
				F013801D23A9F29200CA5301 /* Info.plist */,
			);
			path = "Cap-TapUITests";
			sourceTree = "<group>";
		};
		F013802923AA051900CA5301 /* New Group */ = {
			isa = PBXGroup;
			children = (
				F071EA1523ACA8BB009E4279 /* Short.swift */,
				F071EA1723AD4DA6009E4279 /* attitude.swift */,
				F071EA1923AD4DEE009E4279 /* Sassy.swift */,
				F071EA1B23AD4E08009E4279 /* Girl.swift */,
				F071EA1D23AD4E1E009E4279 /* Savage.swift */,
				F071EA1F23AD4E27009E4279 /* Boy.swift */,
				F071EA2123AD4E37009E4279 /* Lyrics.swift */,
				F071EA2323AD4E45009E4279 /* Romanctic.swift */,
				F071EA2523AD4E54009E4279 /* BIo.swift */,
				F006BFD423B0792C00BA5ECB /* Lit.swift */,
			);
			path = "New Group";
			sourceTree = "<group>";
		};
/* End PBXGroup section */

/* Begin PBXNativeTarget section */
		F0137FF223A9F28F00CA5301 /* CapSeen */ = {
			isa = PBXNativeTarget;
			buildConfigurationList = F013802023A9F29200CA5301 /* Build configuration list for PBXNativeTarget "CapSeen" */;
			buildPhases = (
				3A5BE6C2351DFD3034176180 /* [CP] Check Pods Manifest.lock */,
				F0137FEF23A9F28F00CA5301 /* Sources */,
				F0137FF023A9F28F00CA5301 /* Frameworks */,
				F0137FF123A9F28F00CA5301 /* Resources */,
				4D6B372BCADF52E2ED72AA19 /* [CP] Embed Pods Frameworks */,
			);
			buildRules = (
			);
			dependencies = (
			);
			name = CapSeen;
			productName = "Cap-Tap";
			productReference = F0137FF323A9F28F00CA5301 /* CapSeen.app */;
			productType = "com.apple.product-type.application";
		};
		F013800B23A9F29200CA5301 /* CapSeenTests */ = {
			isa = PBXNativeTarget;
			buildConfigurationList = F013802323A9F29200CA5301 /* Build configuration list for PBXNativeTarget "CapSeenTests" */;
			buildPhases = (
				2F6CDEA80F9A1AEF7EA69FE9 /* [CP] Check Pods Manifest.lock */,
				F013800823A9F29200CA5301 /* Sources */,
				F013800923A9F29200CA5301 /* Frameworks */,
				F013800A23A9F29200CA5301 /* Resources */,
			);
			buildRules = (
			);
			dependencies = (
				F013800E23A9F29200CA5301 /* PBXTargetDependency */,
			);
			name = CapSeenTests;
			productName = "Cap-TapTests";
			productReference = F013800C23A9F29200CA5301 /* CapSeenTests.xctest */;
			productType = "com.apple.product-type.bundle.unit-test";
		};
		F013801623A9F29200CA5301 /* CapSeenUITests */ = {
			isa = PBXNativeTarget;
			buildConfigurationList = F013802623A9F29200CA5301 /* Build configuration list for PBXNativeTarget "CapSeenUITests" */;
			buildPhases = (
				27A26A46C36B3EBD2D1C48FC /* [CP] Check Pods Manifest.lock */,
				F013801323A9F29200CA5301 /* Sources */,
				F013801423A9F29200CA5301 /* Frameworks */,
				F013801523A9F29200CA5301 /* Resources */,
				522FB4CEAA75B676FE054284 /* [CP] Embed Pods Frameworks */,
			);
			buildRules = (
			);
			dependencies = (
				F013801923A9F29200CA5301 /* PBXTargetDependency */,
			);
			name = CapSeenUITests;
			productName = "Cap-TapUITests";
			productReference = F013801723A9F29200CA5301 /* CapSeenUITests.xctest */;
			productType = "com.apple.product-type.bundle.ui-testing";
		};
/* End PBXNativeTarget section */

/* Begin PBXProject section */
		F0137FEB23A9F28F00CA5301 /* Project object */ = {
			isa = PBXProject;
			attributes = {
				LastSwiftUpdateCheck = 1130;
				LastUpgradeCheck = 1130;
				ORGANIZATIONNAME = "Nilrajsinh Vaghela";
				TargetAttributes = {
					F0137FF223A9F28F00CA5301 = {
						CreatedOnToolsVersion = 11.3;
					};
					F013800B23A9F29200CA5301 = {
						CreatedOnToolsVersion = 11.3;
						TestTargetID = F0137FF223A9F28F00CA5301;
					};
					F013801623A9F29200CA5301 = {
						CreatedOnToolsVersion = 11.3;
						TestTargetID = F0137FF223A9F28F00CA5301;
					};
				};
			};
			buildConfigurationList = F0137FEE23A9F28F00CA5301 /* Build configuration list for PBXProject "CapSeen" */;
			compatibilityVersion = "Xcode 9.3";
			developmentRegion = en;
			hasScannedForEncodings = 0;
			knownRegions = (
				en,
				Base,
			);
			mainGroup = F0137FEA23A9F28F00CA5301;
			productRefGroup = F0137FF423A9F28F00CA5301 /* Products */;
			projectDirPath = "";
			projectRoot = "";
			targets = (
				F0137FF223A9F28F00CA5301 /* CapSeen */,
				F013800B23A9F29200CA5301 /* CapSeenTests */,
				F013801623A9F29200CA5301 /* CapSeenUITests */,
			);
		};
/* End PBXProject section */

/* Begin PBXResourcesBuildPhase section */
		F0137FF123A9F28F00CA5301 /* Resources */ = {
			isa = PBXResourcesBuildPhase;
			buildActionMask = 2147483647;
			files = (
				F013800623A9F29200CA5301 /* LaunchScreen.storyboard in Resources */,
				F013800323A9F29200CA5301 /* Assets.xcassets in Resources */,
				F0137FFE23A9F28F00CA5301 /* Main.storyboard in Resources */,
			);
			runOnlyForDeploymentPostprocessing = 0;
		};
		F013800A23A9F29200CA5301 /* Resources */ = {
			isa = PBXResourcesBuildPhase;
			buildActionMask = 2147483647;
			files = (
			);
			runOnlyForDeploymentPostprocessing = 0;
		};
		F013801523A9F29200CA5301 /* Resources */ = {
			isa = PBXResourcesBuildPhase;
			buildActionMask = 2147483647;
			files = (
			);
			runOnlyForDeploymentPostprocessing = 0;
		};
/* End PBXResourcesBuildPhase section */

/* Begin PBXShellScriptBuildPhase section */
		27A26A46C36B3EBD2D1C48FC /* [CP] Check Pods Manifest.lock */ = {
			isa = PBXShellScriptBuildPhase;
			buildActionMask = 2147483647;
			files = (
			);
			inputFileListPaths = (
			);
			inputPaths = (
				"${PODS_PODFILE_DIR_PATH}/Podfile.lock",
				"${PODS_ROOT}/Manifest.lock",
			);
			name = "[CP] Check Pods Manifest.lock";
			outputFileListPaths = (
			);
			outputPaths = (
				"$(DERIVED_FILE_DIR)/Pods-CapSeen-CapSeenUITests-checkManifestLockResult.txt",
			);
			runOnlyForDeploymentPostprocessing = 0;
			shellPath = /bin/sh;
			shellScript = "diff \"${PODS_PODFILE_DIR_PATH}/Podfile.lock\" \"${PODS_ROOT}/Manifest.lock\" > /dev/null\nif [ $? != 0 ] ; then\n    # print error to STDERR\n    echo \"error: The sandbox is not in sync with the Podfile.lock. Run 'pod install' or update your CocoaPods installation.\" >&2\n    exit 1\nfi\n# This output is used by Xcode 'outputs' to avoid re-running this script phase.\necho \"SUCCESS\" > \"${SCRIPT_OUTPUT_FILE_0}\"\n";
			showEnvVarsInLog = 0;
		};
		2F6CDEA80F9A1AEF7EA69FE9 /* [CP] Check Pods Manifest.lock */ = {
			isa = PBXShellScriptBuildPhase;
			buildActionMask = 2147483647;
			files = (
			);
			inputFileListPaths = (
			);
			inputPaths = (
				"${PODS_PODFILE_DIR_PATH}/Podfile.lock",
				"${PODS_ROOT}/Manifest.lock",
			);
			name = "[CP] Check Pods Manifest.lock";
			outputFileListPaths = (
			);
			outputPaths = (
				"$(DERIVED_FILE_DIR)/Pods-CapSeenTests-checkManifestLockResult.txt",
			);
			runOnlyForDeploymentPostprocessing = 0;
			shellPath = /bin/sh;
			shellScript = "diff \"${PODS_PODFILE_DIR_PATH}/Podfile.lock\" \"${PODS_ROOT}/Manifest.lock\" > /dev/null\nif [ $? != 0 ] ; then\n    # print error to STDERR\n    echo \"error: The sandbox is not in sync with the Podfile.lock. Run 'pod install' or update your CocoaPods installation.\" >&2\n    exit 1\nfi\n# This output is used by Xcode 'outputs' to avoid re-running this script phase.\necho \"SUCCESS\" > \"${SCRIPT_OUTPUT_FILE_0}\"\n";
			showEnvVarsInLog = 0;
		};
		3A5BE6C2351DFD3034176180 /* [CP] Check Pods Manifest.lock */ = {
			isa = PBXShellScriptBuildPhase;
			buildActionMask = 2147483647;
			files = (
			);
			inputFileListPaths = (
			);
			inputPaths = (
				"${PODS_PODFILE_DIR_PATH}/Podfile.lock",
				"${PODS_ROOT}/Manifest.lock",
			);
			name = "[CP] Check Pods Manifest.lock";
			outputFileListPaths = (
			);
			outputPaths = (
				"$(DERIVED_FILE_DIR)/Pods-CapSeen-checkManifestLockResult.txt",
			);
			runOnlyForDeploymentPostprocessing = 0;
			shellPath = /bin/sh;
			shellScript = "diff \"${PODS_PODFILE_DIR_PATH}/Podfile.lock\" \"${PODS_ROOT}/Manifest.lock\" > /dev/null\nif [ $? != 0 ] ; then\n    # print error to STDERR\n    echo \"error: The sandbox is not in sync with the Podfile.lock. Run 'pod install' or update your CocoaPods installation.\" >&2\n    exit 1\nfi\n# This output is used by Xcode 'outputs' to avoid re-running this script phase.\necho \"SUCCESS\" > \"${SCRIPT_OUTPUT_FILE_0}\"\n";
			showEnvVarsInLog = 0;
		};
		4D6B372BCADF52E2ED72AA19 /* [CP] Embed Pods Frameworks */ = {
			isa = PBXShellScriptBuildPhase;
			buildActionMask = 2147483647;
			files = (
			);
			inputFileListPaths = (
				"${PODS_ROOT}/Target Support Files/Pods-CapSeen/Pods-CapSeen-frameworks-${CONFIGURATION}-input-files.xcfilelist",
			);
			name = "[CP] Embed Pods Frameworks";
			outputFileListPaths = (
				"${PODS_ROOT}/Target Support Files/Pods-CapSeen/Pods-CapSeen-frameworks-${CONFIGURATION}-output-files.xcfilelist",
			);
			runOnlyForDeploymentPostprocessing = 0;
			shellPath = /bin/sh;
			shellScript = "\"${PODS_ROOT}/Target Support Files/Pods-CapSeen/Pods-CapSeen-frameworks.sh\"\n";
			showEnvVarsInLog = 0;
		};
		522FB4CEAA75B676FE054284 /* [CP] Embed Pods Frameworks */ = {
			isa = PBXShellScriptBuildPhase;
			buildActionMask = 2147483647;
			files = (
			);
			inputFileListPaths = (
				"${PODS_ROOT}/Target Support Files/Pods-CapSeen-CapSeenUITests/Pods-CapSeen-CapSeenUITests-frameworks-${CONFIGURATION}-input-files.xcfilelist",
			);
			name = "[CP] Embed Pods Frameworks";
			outputFileListPaths = (
				"${PODS_ROOT}/Target Support Files/Pods-CapSeen-CapSeenUITests/Pods-CapSeen-CapSeenUITests-frameworks-${CONFIGURATION}-output-files.xcfilelist",
			);
			runOnlyForDeploymentPostprocessing = 0;
			shellPath = /bin/sh;
			shellScript = "\"${PODS_ROOT}/Target Support Files/Pods-CapSeen-CapSeenUITests/Pods-CapSeen-CapSeenUITests-frameworks.sh\"\n";
			showEnvVarsInLog = 0;
		};
/* End PBXShellScriptBuildPhase section */

/* Begin PBXSourcesBuildPhase section */
		F0137FEF23A9F28F00CA5301 /* Sources */ = {
			isa = PBXSourcesBuildPhase;
			buildActionMask = 2147483647;
			files = (
				F071EA1E23AD4E1E009E4279 /* Savage.swift in Sources */,
				F071EA1A23AD4DEE009E4279 /* Sassy.swift in Sources */,
				F006BFD523B0792C00BA5ECB /* Lit.swift in Sources */,
				F071EA2023AD4E27009E4279 /* Boy.swift in Sources */,
				F071EA2623AD4E54009E4279 /* BIo.swift in Sources */,
				F071EA1C23AD4E08009E4279 /* Girl.swift in Sources */,
				F013800123A9F28F00CA5301 /* Cap_Tap.xcdatamodeld in Sources */,
				F071EA1623ACA8BB009E4279 /* Short.swift in Sources */,
				F0137FFB23A9F28F00CA5301 /* ViewController.swift in Sources */,
				F0137FF723A9F28F00CA5301 /* AppDelegate.swift in Sources */,
				F071EA2223AD4E37009E4279 /* Lyrics.swift in Sources */,
				F0137FF923A9F28F00CA5301 /* SceneDelegate.swift in Sources */,
				F071EA1823AD4DA6009E4279 /* attitude.swift in Sources */,
				F071EA2423AD4E45009E4279 /* Romanctic.swift in Sources */,
			);
			runOnlyForDeploymentPostprocessing = 0;
		};
		F013800823A9F29200CA5301 /* Sources */ = {
			isa = PBXSourcesBuildPhase;
			buildActionMask = 2147483647;
			files = (
				F013801123A9F29200CA5301 /* Cap_TapTests.swift in Sources */,
			);
			runOnlyForDeploymentPostprocessing = 0;
		};
		F013801323A9F29200CA5301 /* Sources */ = {
			isa = PBXSourcesBuildPhase;
			buildActionMask = 2147483647;
			files = (
				F013801C23A9F29200CA5301 /* Cap_TapUITests.swift in Sources */,
			);
			runOnlyForDeploymentPostprocessing = 0;
		};
/* End PBXSourcesBuildPhase section */

/* Begin PBXTargetDependency section */
		F013800E23A9F29200CA5301 /* PBXTargetDependency */ = {
			isa = PBXTargetDependency;
			target = F0137FF223A9F28F00CA5301 /* CapSeen */;
			targetProxy = F013800D23A9F29200CA5301 /* PBXContainerItemProxy */;
		};
		F013801923A9F29200CA5301 /* PBXTargetDependency */ = {
			isa = PBXTargetDependency;
			target = F0137FF223A9F28F00CA5301 /* CapSeen */;
			targetProxy = F013801823A9F29200CA5301 /* PBXContainerItemProxy */;
		};
/* End PBXTargetDependency section */

/* Begin PBXVariantGroup section */
		F0137FFC23A9F28F00CA5301 /* Main.storyboard */ = {
			isa = PBXVariantGroup;
			children = (
				F0137FFD23A9F28F00CA5301 /* Base */,
			);
			name = Main.storyboard;
			sourceTree = "<group>";
		};
		F013800423A9F29200CA5301 /* LaunchScreen.storyboard */ = {
			isa = PBXVariantGroup;
			children = (
				F013800523A9F29200CA5301 /* Base */,
			);
			name = LaunchScreen.storyboard;
			sourceTree = "<group>";
		};
/* End PBXVariantGroup section */

/* Begin XCBuildConfiguration section */
		F013801E23A9F29200CA5301 /* Debug */ = {
			isa = XCBuildConfiguration;
			buildSettings = {
				ALWAYS_SEARCH_USER_PATHS = NO;
				CLANG_ANALYZER_NONNULL = YES;
				CLANG_ANALYZER_NUMBER_OBJECT_CONVERSION = YES_AGGRESSIVE;
				CLANG_CXX_LANGUAGE_STANDARD = "gnu++14";
				CLANG_CXX_LIBRARY = "libc++";
				CLANG_ENABLE_MODULES = YES;
				CLANG_ENABLE_OBJC_ARC = YES;
				CLANG_ENABLE_OBJC_WEAK = YES;
				CLANG_WARN_BLOCK_CAPTURE_AUTORELEASING = YES;
				CLANG_WARN_BOOL_CONVERSION = YES;
				CLANG_WARN_COMMA = YES;
				CLANG_WARN_CONSTANT_CONVERSION = YES;
				CLANG_WARN_DEPRECATED_OBJC_IMPLEMENTATIONS = YES;
				CLANG_WARN_DIRECT_OBJC_ISA_USAGE = YES_ERROR;
				CLANG_WARN_DOCUMENTATION_COMMENTS = YES;
				CLANG_WARN_EMPTY_BODY = YES;
				CLANG_WARN_ENUM_CONVERSION = YES;
				CLANG_WARN_INFINITE_RECURSION = YES;
				CLANG_WARN_INT_CONVERSION = YES;
				CLANG_WARN_NON_LITERAL_NULL_CONVERSION = YES;
				CLANG_WARN_OBJC_IMPLICIT_RETAIN_SELF = YES;
				CLANG_WARN_OBJC_LITERAL_CONVERSION = YES;
				CLANG_WARN_OBJC_ROOT_CLASS = YES_ERROR;
				CLANG_WARN_RANGE_LOOP_ANALYSIS = YES;
				CLANG_WARN_STRICT_PROTOTYPES = YES;
				CLANG_WARN_SUSPICIOUS_MOVE = YES;
				CLANG_WARN_UNGUARDED_AVAILABILITY = YES_AGGRESSIVE;
				CLANG_WARN_UNREACHABLE_CODE = YES;
				CLANG_WARN__DUPLICATE_METHOD_MATCH = YES;
				COPY_PHASE_STRIP = NO;
				DEBUG_INFORMATION_FORMAT = dwarf;
				ENABLE_STRICT_OBJC_MSGSEND = YES;
				ENABLE_TESTABILITY = YES;
				GCC_C_LANGUAGE_STANDARD = gnu11;
				GCC_DYNAMIC_NO_PIC = NO;
				GCC_NO_COMMON_BLOCKS = YES;
				GCC_OPTIMIZATION_LEVEL = 0;
				GCC_PREPROCESSOR_DEFINITIONS = (
					"DEBUG=1",
					"$(inherited)",
				);
				GCC_WARN_64_TO_32_BIT_CONVERSION = YES;
				GCC_WARN_ABOUT_RETURN_TYPE = YES_ERROR;
				GCC_WARN_UNDECLARED_SELECTOR = YES;
				GCC_WARN_UNINITIALIZED_AUTOS = YES_AGGRESSIVE;
				GCC_WARN_UNUSED_FUNCTION = YES;
				GCC_WARN_UNUSED_VARIABLE = YES;
				IPHONEOS_DEPLOYMENT_TARGET = 13.2;
				MTL_ENABLE_DEBUG_INFO = INCLUDE_SOURCE;
				MTL_FAST_MATH = YES;
				ONLY_ACTIVE_ARCH = YES;
				SDKROOT = iphoneos;
				SWIFT_ACTIVE_COMPILATION_CONDITIONS = DEBUG;
				SWIFT_OPTIMIZATION_LEVEL = "-Onone";
			};
			name = Debug;
		};
		F013801F23A9F29200CA5301 /* Release */ = {
			isa = XCBuildConfiguration;
			buildSettings = {
				ALWAYS_SEARCH_USER_PATHS = NO;
				CLANG_ANALYZER_NONNULL = YES;
				CLANG_ANALYZER_NUMBER_OBJECT_CONVERSION = YES_AGGRESSIVE;
				CLANG_CXX_LANGUAGE_STANDARD = "gnu++14";
				CLANG_CXX_LIBRARY = "libc++";
				CLANG_ENABLE_MODULES = YES;
				CLANG_ENABLE_OBJC_ARC = YES;
				CLANG_ENABLE_OBJC_WEAK = YES;
				CLANG_WARN_BLOCK_CAPTURE_AUTORELEASING = YES;
				CLANG_WARN_BOOL_CONVERSION = YES;
				CLANG_WARN_COMMA = YES;
				CLANG_WARN_CONSTANT_CONVERSION = YES;
				CLANG_WARN_DEPRECATED_OBJC_IMPLEMENTATIONS = YES;
				CLANG_WARN_DIRECT_OBJC_ISA_USAGE = YES_ERROR;
				CLANG_WARN_DOCUMENTATION_COMMENTS = YES;
				CLANG_WARN_EMPTY_BODY = YES;
				CLANG_WARN_ENUM_CONVERSION = YES;
				CLANG_WARN_INFINITE_RECURSION = YES;
				CLANG_WARN_INT_CONVERSION = YES;
				CLANG_WARN_NON_LITERAL_NULL_CONVERSION = YES;
				CLANG_WARN_OBJC_IMPLICIT_RETAIN_SELF = YES;
				CLANG_WARN_OBJC_LITERAL_CONVERSION = YES;
				CLANG_WARN_OBJC_ROOT_CLASS = YES_ERROR;
				CLANG_WARN_RANGE_LOOP_ANALYSIS = YES;
				CLANG_WARN_STRICT_PROTOTYPES = YES;
				CLANG_WARN_SUSPICIOUS_MOVE = YES;
				CLANG_WARN_UNGUARDED_AVAILABILITY = YES_AGGRESSIVE;
				CLANG_WARN_UNREACHABLE_CODE = YES;
				CLANG_WARN__DUPLICATE_METHOD_MATCH = YES;
				COPY_PHASE_STRIP = NO;
				DEBUG_INFORMATION_FORMAT = "dwarf-with-dsym";
				ENABLE_NS_ASSERTIONS = NO;
				ENABLE_STRICT_OBJC_MSGSEND = YES;
				GCC_C_LANGUAGE_STANDARD = gnu11;
				GCC_NO_COMMON_BLOCKS = YES;
				GCC_WARN_64_TO_32_BIT_CONVERSION = YES;
				GCC_WARN_ABOUT_RETURN_TYPE = YES_ERROR;
				GCC_WARN_UNDECLARED_SELECTOR = YES;
				GCC_WARN_UNINITIALIZED_AUTOS = YES_AGGRESSIVE;
				GCC_WARN_UNUSED_FUNCTION = YES;
				GCC_WARN_UNUSED_VARIABLE = YES;
				IPHONEOS_DEPLOYMENT_TARGET = 13.2;
				MTL_ENABLE_DEBUG_INFO = NO;
				MTL_FAST_MATH = YES;
				SDKROOT = iphoneos;
				SWIFT_COMPILATION_MODE = wholemodule;
				SWIFT_OPTIMIZATION_LEVEL = "-O";
				VALIDATE_PRODUCT = YES;
			};
			name = Release;
		};
		F013802123A9F29200CA5301 /* Debug */ = {
			isa = XCBuildConfiguration;
			baseConfigurationReference = 458639D1AA241C3BC3286684 /* Pods-CapSeen.debug.xcconfig */;
			buildSettings = {
				ASSETCATALOG_COMPILER_APPICON_NAME = AppIcon;
				CODE_SIGN_STYLE = Automatic;
				DEVELOPMENT_TEAM = 7227VAQ96L;
				INFOPLIST_FILE = "Cap-Tap/Info.plist";
				LD_RUNPATH_SEARCH_PATHS = (
					"$(inherited)",
					"@executable_path/Frameworks",
				);
				PRODUCT_BUNDLE_IDENTIFIER = "Tipsy.com.Cap-Tap";
				PRODUCT_NAME = CapSeen;
				SWIFT_VERSION = 5.0;
				TARGETED_DEVICE_FAMILY = "1,2";
			};
			name = Debug;
		};
		F013802223A9F29200CA5301 /* Release */ = {
			isa = XCBuildConfiguration;
			baseConfigurationReference = BA8FFEF46B4A44BB272F6A2C /* Pods-CapSeen.release.xcconfig */;
			buildSettings = {
				ASSETCATALOG_COMPILER_APPICON_NAME = AppIcon;
				CODE_SIGN_STYLE = Automatic;
				DEVELOPMENT_TEAM = 7227VAQ96L;
				INFOPLIST_FILE = "Cap-Tap/Info.plist";
				LD_RUNPATH_SEARCH_PATHS = (
					"$(inherited)",
					"@executable_path/Frameworks",
				);
				PRODUCT_BUNDLE_IDENTIFIER = "Tipsy.com.Cap-Tap";
				PRODUCT_NAME = CapSeen;
				SWIFT_VERSION = 5.0;
				TARGETED_DEVICE_FAMILY = "1,2";
			};
			name = Release;
		};
		F013802423A9F29200CA5301 /* Debug */ = {
			isa = XCBuildConfiguration;
			baseConfigurationReference = 72C6CF9F13165D591252EA63 /* Pods-CapSeenTests.debug.xcconfig */;
			buildSettings = {
				ALWAYS_EMBED_SWIFT_STANDARD_LIBRARIES = YES;
				BUNDLE_LOADER = "$(TEST_HOST)";
				CODE_SIGN_STYLE = Automatic;
				DEVELOPMENT_TEAM = 7227VAQ96L;
				INFOPLIST_FILE = "Cap-TapTests/Info.plist";
				IPHONEOS_DEPLOYMENT_TARGET = 13.2;
				LD_RUNPATH_SEARCH_PATHS = (
					"$(inherited)",
					"@executable_path/Frameworks",
					"@loader_path/Frameworks",
				);
				PRODUCT_BUNDLE_IDENTIFIER = "Tipsy.com.Cap-TapTests";
				PRODUCT_NAME = "$(TARGET_NAME)";
				SWIFT_VERSION = 5.0;
				TARGETED_DEVICE_FAMILY = "1,2";
				TEST_HOST = "$(BUILT_PRODUCTS_DIR)/CapSeen.app/CapSeen";
			};
			name = Debug;
		};
		F013802523A9F29200CA5301 /* Release */ = {
			isa = XCBuildConfiguration;
			baseConfigurationReference = 7D50C3F6992F559B8D2C190E /* Pods-CapSeenTests.release.xcconfig */;
			buildSettings = {
				ALWAYS_EMBED_SWIFT_STANDARD_LIBRARIES = YES;
				BUNDLE_LOADER = "$(TEST_HOST)";
				CODE_SIGN_STYLE = Automatic;
				DEVELOPMENT_TEAM = 7227VAQ96L;
				INFOPLIST_FILE = "Cap-TapTests/Info.plist";
				IPHONEOS_DEPLOYMENT_TARGET = 13.2;
				LD_RUNPATH_SEARCH_PATHS = (
					"$(inherited)",
					"@executable_path/Frameworks",
					"@loader_path/Frameworks",
				);
				PRODUCT_BUNDLE_IDENTIFIER = "Tipsy.com.Cap-TapTests";
				PRODUCT_NAME = "$(TARGET_NAME)";
				SWIFT_VERSION = 5.0;
				TARGETED_DEVICE_FAMILY = "1,2";
				TEST_HOST = "$(BUILT_PRODUCTS_DIR)/CapSeen.app/CapSeen";
			};
			name = Release;
		};
		F013802723A9F29200CA5301 /* Debug */ = {
			isa = XCBuildConfiguration;
			baseConfigurationReference = BE0641E3EE81855C145372AA /* Pods-CapSeen-CapSeenUITests.debug.xcconfig */;
			buildSettings = {
				ALWAYS_EMBED_SWIFT_STANDARD_LIBRARIES = YES;
				CODE_SIGN_STYLE = Automatic;
				DEVELOPMENT_TEAM = 7227VAQ96L;
				INFOPLIST_FILE = "Cap-TapUITests/Info.plist";
				LD_RUNPATH_SEARCH_PATHS = (
					"$(inherited)",
					"@executable_path/Frameworks",
					"@loader_path/Frameworks",
				);
				PRODUCT_BUNDLE_IDENTIFIER = "Tipsy.com.Cap-TapUITests";
				PRODUCT_NAME = "$(TARGET_NAME)";
				SWIFT_VERSION = 5.0;
				TARGETED_DEVICE_FAMILY = "1,2";
				TEST_TARGET_NAME = "Cap-Tap";
			};
			name = Debug;
		};
		F013802823A9F29200CA5301 /* Release */ = {
			isa = XCBuildConfiguration;
			baseConfigurationReference = A6B36FC09DBB283F8994C225 /* Pods-CapSeen-CapSeenUITests.release.xcconfig */;
			buildSettings = {
				ALWAYS_EMBED_SWIFT_STANDARD_LIBRARIES = YES;
				CODE_SIGN_STYLE = Automatic;
				DEVELOPMENT_TEAM = 7227VAQ96L;
				INFOPLIST_FILE = "Cap-TapUITests/Info.plist";
				LD_RUNPATH_SEARCH_PATHS = (
					"$(inherited)",
					"@executable_path/Frameworks",
					"@loader_path/Frameworks",
				);
				PRODUCT_BUNDLE_IDENTIFIER = "Tipsy.com.Cap-TapUITests";
				PRODUCT_NAME = "$(TARGET_NAME)";
				SWIFT_VERSION = 5.0;
				TARGETED_DEVICE_FAMILY = "1,2";
				TEST_TARGET_NAME = "Cap-Tap";
			};
			name = Release;
		};
/* End XCBuildConfiguration section */

/* Begin XCConfigurationList section */
		F0137FEE23A9F28F00CA5301 /* Build configuration list for PBXProject "CapSeen" */ = {
			isa = XCConfigurationList;
			buildConfigurations = (
				F013801E23A9F29200CA5301 /* Debug */,
				F013801F23A9F29200CA5301 /* Release */,
			);
			defaultConfigurationIsVisible = 0;
			defaultConfigurationName = Release;
		};
		F013802023A9F29200CA5301 /* Build configuration list for PBXNativeTarget "CapSeen" */ = {
			isa = XCConfigurationList;
			buildConfigurations = (
				F013802123A9F29200CA5301 /* Debug */,
				F013802223A9F29200CA5301 /* Release */,
			);
			defaultConfigurationIsVisible = 0;
			defaultConfigurationName = Release;
		};
		F013802323A9F29200CA5301 /* Build configuration list for PBXNativeTarget "CapSeenTests" */ = {
			isa = XCConfigurationList;
			buildConfigurations = (
				F013802423A9F29200CA5301 /* Debug */,
				F013802523A9F29200CA5301 /* Release */,
			);
			defaultConfigurationIsVisible = 0;
			defaultConfigurationName = Release;
		};
		F013802623A9F29200CA5301 /* Build configuration list for PBXNativeTarget "CapSeenUITests" */ = {
			isa = XCConfigurationList;
			buildConfigurations = (
				F013802723A9F29200CA5301 /* Debug */,
				F013802823A9F29200CA5301 /* Release */,
			);
			defaultConfigurationIsVisible = 0;
			defaultConfigurationName = Release;
		};
/* End XCConfigurationList section */

/* Begin XCVersionGroup section */
		F0137FFF23A9F28F00CA5301 /* Cap_Tap.xcdatamodeld */ = {
			isa = XCVersionGroup;
			children = (
				F013800023A9F28F00CA5301 /* Cap_Tap.xcdatamodel */,
			);
			currentVersion = F013800023A9F28F00CA5301 /* Cap_Tap.xcdatamodel */;
			path = Cap_Tap.xcdatamodeld;
			sourceTree = "<group>";
			versionGroupType = wrapper.xcdatamodel;
		};
/* End XCVersionGroup section */
	};
	rootObject = F0137FEB23A9F28F00CA5301 /* Project object */;
}
